<Solution>
  <Configurations>
    <BuildType Name="Debug" />
    <BuildType Name="PseudoDebug" />
    <BuildType Name="Release" />
    <Platform Name="Any CPU" />
    <Platform Name="x64" />
    <Platform Name="x86" />
  </Configurations>
  <Project Path="Synapse UI WPF.csproj" Id="478009ef-cc2d-4c7b-9dbb-1b8b606ab7a2">
    <Platform Solution="*|x64" Project="x64" />
    <Platform Solution="*|x86" Project="x86" />
  </Project>
</Solution>
